
Microsoft Visual Studio Solution File, Format Version 11.00
# Visual Studio 2010
Project("{FAE04EC0-301F-11D3-BF4B-00C04F79EFBC}") = "Assembly-CSharp", "Assembly-CSharp.csproj", "{e5f5ba5b-4d39-edd5-782b-00a14ee00bc6}"
EndProject
Project("{FAE04EC0-301F-11D3-BF4B-00C04F79EFBC}") = "Febucci.TextAnimator.Runtime", "Febucci.TextAnimator.Runtime.csproj", "{e87c6c86-bcf7-2384-fba9-84ab79632c7f}"
EndProject
Project("{FAE04EC0-301F-11D3-BF4B-00C04F79EFBC}") = "Febucci.TextAnimator.Demo.Runtime", "Febucci.TextAnimator.Demo.Runtime.csproj", "{26fc4102-ab0a-61dd-0ca9-290a96dc1b8b}"
EndProject
Project("{FAE04EC0-301F-11D3-BF4B-00C04F79EFBC}") = "Febucci.TextAnimator.Editor", "Febucci.TextAnimator.Editor.csproj", "{b8b2dad0-2921-ab48-7c07-140acf7e732d}"
EndProject
Project("{FAE04EC0-301F-11D3-BF4B-00C04F79EFBC}") = "Febucci.TextAnimator.Demo.Editor", "Febucci.TextAnimator.Demo.Editor.csproj", "{88c15fa4-17f6-1806-1bdd-3906da7d6ebe}"
EndProject
Project("{FAE04EC0-301F-11D3-BF4B-00C04F79EFBC}") = "Assembly-CSharp-Editor", "Assembly-CSharp-Editor.csproj", "{ec844d57-20f3-8f55-4645-e4b4545b94e6}"
EndProject
Global
	GlobalSection(SolutionConfigurationPlatforms) = preSolution
		Debug|Any CPU = Debug|Any CPU
	EndGlobalSection
	GlobalSection(ProjectConfigurationPlatforms) = postSolution
		{e5f5ba5b-4d39-edd5-782b-00a14ee00bc6}.Debug|Any CPU.ActiveCfg = Debug|Any CPU
		{e5f5ba5b-4d39-edd5-782b-00a14ee00bc6}.Debug|Any CPU.Build.0 = Debug|Any CPU
		{e87c6c86-bcf7-2384-fba9-84ab79632c7f}.Debug|Any CPU.ActiveCfg = Debug|Any CPU
		{e87c6c86-bcf7-2384-fba9-84ab79632c7f}.Debug|Any CPU.Build.0 = Debug|Any CPU
		{26fc4102-ab0a-61dd-0ca9-290a96dc1b8b}.Debug|Any CPU.ActiveCfg = Debug|Any CPU
		{26fc4102-ab0a-61dd-0ca9-290a96dc1b8b}.Debug|Any CPU.Build.0 = Debug|Any CPU
		{b8b2dad0-2921-ab48-7c07-140acf7e732d}.Debug|Any CPU.ActiveCfg = Debug|Any CPU
		{b8b2dad0-2921-ab48-7c07-140acf7e732d}.Debug|Any CPU.Build.0 = Debug|Any CPU
		{88c15fa4-17f6-1806-1bdd-3906da7d6ebe}.Debug|Any CPU.ActiveCfg = Debug|Any CPU
		{88c15fa4-17f6-1806-1bdd-3906da7d6ebe}.Debug|Any CPU.Build.0 = Debug|Any CPU
		{ec844d57-20f3-8f55-4645-e4b4545b94e6}.Debug|Any CPU.ActiveCfg = Debug|Any CPU
		{ec844d57-20f3-8f55-4645-e4b4545b94e6}.Debug|Any CPU.Build.0 = Debug|Any CPU
	EndGlobalSection
	GlobalSection(SolutionProperties) = preSolution
		HideSolutionNode = FALSE
	EndGlobalSection
EndGlobal
